
Microsoft Visual Studio Solution File, Format Version 11.00
# Visual Studio 2010
Project("{FAE04EC0-301F-11D3-BF4B-00C04F79EFBC}") = "Assembly-CSharp-Editor", "Assembly-CSharp-Editor.csproj", "{2f50b5f7-19e5-d61a-d1ac-535d36cae5b0}"
EndProject
Project("{FAE04EC0-301F-11D3-BF4B-00C04F79EFBC}") = "Assembly-CSharp", "Assembly-CSharp.csproj", "{c841199a-caa3-0015-7adc-19c09d60d03f}"
EndProject
Project("{FAE04EC0-301F-11D3-BF4B-00C04F79EFBC}") = "Assembly-CSharp-firstpass", "Assembly-CSharp-firstpass.csproj", "{d2830b4d-fe27-4f96-f340-81aef3495bc2}"
EndProject
Global
	GlobalSection(SolutionConfigurationPlatforms) = preSolution
		Debug|Any CPU = Debug|Any CPU
	EndGlobalSection
	GlobalSection(ProjectConfigurationPlatforms) = postSolution
		{2f50b5f7-19e5-d61a-d1ac-535d36cae5b0}.Debug|Any CPU.ActiveCfg = Debug|Any CPU
		{2f50b5f7-19e5-d61a-d1ac-535d36cae5b0}.Debug|Any CPU.Build.0 = Debug|Any CPU
		{c841199a-caa3-0015-7adc-19c09d60d03f}.Debug|Any CPU.ActiveCfg = Debug|Any CPU
		{c841199a-caa3-0015-7adc-19c09d60d03f}.Debug|Any CPU.Build.0 = Debug|Any CPU
		{d2830b4d-fe27-4f96-f340-81aef3495bc2}.Debug|Any CPU.ActiveCfg = Debug|Any CPU
		{d2830b4d-fe27-4f96-f340-81aef3495bc2}.Debug|Any CPU.Build.0 = Debug|Any CPU
	EndGlobalSection
	GlobalSection(SolutionProperties) = preSolution
		HideSolutionNode = FALSE
	EndGlobalSection
EndGlobal
