
Microsoft Visual Studio Solution File, Format Version 12.00
# Visual Studio Version 16
VisualStudioVersion = 16.0.32413.511
MinimumVisualStudioVersion = 10.0.40219.1
Project("{FAE04EC0-301F-11D3-BF4B-00C04F79EFBC}") = "HotFix_Project", "HotFix_Project\HotFix_Project.csproj", "{7F23F183-BBD4-4720-BC41-23096B431575}"
EndProject
Global
	GlobalSection(SolutionConfigurationPlatforms) = preSolution
		Android_Debug|Any CPU = Android_Debug|Any CPU
		Android_Release|Any CPU = Android_Release|Any CPU
		Unity|Any CPU = Unity|Any CPU
	EndGlobalSection
	GlobalSection(ProjectConfigurationPlatforms) = postSolution
		{7F23F183-BBD4-4720-BC41-23096B431575}.Android_Debug|Any CPU.ActiveCfg = Android_Debug|Any CPU
		{7F23F183-BBD4-4720-BC41-23096B431575}.Android_Release|Any CPU.ActiveCfg = Android_Release|Any CPU
		{7F23F183-BBD4-4720-BC41-23096B431575}.Unity|Any CPU.ActiveCfg = Unity|Any CPU
	EndGlobalSection
	GlobalSection(SolutionProperties) = preSolution
		HideSolutionNode = FALSE
	EndGlobalSection
	GlobalSection(ExtensibilityGlobals) = postSolution
		SolutionGuid = {7E8F8DF3-B06D-4219-BFDD-E36A2696EAB9}
	EndGlobalSection
EndGlobal
