
Microsoft Visual Studio Solution File, Format Version 12.00
# Visual Studio Version 16
VisualStudioVersion = 16.0.32413.511
MinimumVisualStudioVersion = 10.0.40219.1
Project("{FAE04EC0-301F-11D3-BF4B-00C04F79EFBC}") = "HotFix_Project", "HotFix_Project\HotFix_Project.csproj", "{5412F69F-5406-4229-BC3E-AC4CFF7885FD}"
EndProject
Global
	GlobalSection(SolutionConfigurationPlatforms) = preSolution
		Debug|Any CPU = Debug|Any CPU
		Release|Any CPU = Release|Any CPU
	EndGlobalSection
	GlobalSection(ProjectConfigurationPlatforms) = postSolution
		{5412F69F-5406-4229-BC3E-AC4CFF7885FD}.Debug|Any CPU.ActiveCfg = Debug|Any CPU
		{5412F69F-5406-4229-BC3E-AC4CFF7885FD}.Debug|Any CPU.Build.0 = Debug|Any CPU
		{5412F69F-5406-4229-BC3E-AC4CFF7885FD}.Release|Any CPU.ActiveCfg = Release|Any CPU
		{5412F69F-5406-4229-BC3E-AC4CFF7885FD}.Release|Any CPU.Build.0 = Release|Any CPU
	EndGlobalSection
	GlobalSection(SolutionProperties) = preSolution
		HideSolutionNode = FALSE
	EndGlobalSection
	GlobalSection(ExtensibilityGlobals) = postSolution
		SolutionGuid = {7E8F8DF3-B06D-4219-BFDD-E36A2696EAB9}
	EndGlobalSection
EndGlobal
